
Microsoft Visual Studio Solution File, Format Version 12.00
# Visual Studio Version 17
VisualStudioVersion = 17.14.36202.13
MinimumVisualStudioVersion = 10.0.40219.1
Project("{FAE04EC0-301F-11D3-BF4B-00C04F79EFBC}") = "CheapestTickets.Server", "ConsoleApp1\CheapestTickets.Server.csproj", "{52114987-3A5A-4F89-A09E-03922B981E1E}"
EndProject
Project("{FAE04EC0-301F-11D3-BF4B-00C04F79EFBC}") = "CheapestTickets.Client", "CheapestTickets.Client\CheapestTickets.Client.csproj", "{8AFD1861-FCAF-4F09-B61A-3A419558B96A}"
EndProject
Project("{FAE04EC0-301F-11D3-BF4B-00C04F79EFBC}") = "CheapestTickets.Shared", "CheapestTickets.Shared\CheapestTickets.Shared.csproj", "{C2A1EA9B-7FA6-4BB2-8133-07256243ED69}"
EndProject
Global
	GlobalSection(SolutionConfigurationPlatforms) = preSolution
		Debug|Any CPU = Debug|Any CPU
		Release|Any CPU = Release|Any CPU
	EndGlobalSection
	GlobalSection(ProjectConfigurationPlatforms) = postSolution
		{52114987-3A5A-4F89-A09E-03922B981E1E}.Debug|Any CPU.ActiveCfg = Debug|Any CPU
		{52114987-3A5A-4F89-A09E-03922B981E1E}.Debug|Any CPU.Build.0 = Debug|Any CPU
		{52114987-3A5A-4F89-A09E-03922B981E1E}.Release|Any CPU.ActiveCfg = Release|Any CPU
		{52114987-3A5A-4F89-A09E-03922B981E1E}.Release|Any CPU.Build.0 = Release|Any CPU
		{8AFD1861-FCAF-4F09-B61A-3A419558B96A}.Debug|Any CPU.ActiveCfg = Debug|Any CPU
		{8AFD1861-FCAF-4F09-B61A-3A419558B96A}.Debug|Any CPU.Build.0 = Debug|Any CPU
		{8AFD1861-FCAF-4F09-B61A-3A419558B96A}.Release|Any CPU.ActiveCfg = Release|Any CPU
		{8AFD1861-FCAF-4F09-B61A-3A419558B96A}.Release|Any CPU.Build.0 = Release|Any CPU
		{C2A1EA9B-7FA6-4BB2-8133-07256243ED69}.Debug|Any CPU.ActiveCfg = Debug|Any CPU
		{C2A1EA9B-7FA6-4BB2-8133-07256243ED69}.Debug|Any CPU.Build.0 = Debug|Any CPU
		{C2A1EA9B-7FA6-4BB2-8133-07256243ED69}.Release|Any CPU.ActiveCfg = Release|Any CPU
		{C2A1EA9B-7FA6-4BB2-8133-07256243ED69}.Release|Any CPU.Build.0 = Release|Any CPU
	EndGlobalSection
	GlobalSection(SolutionProperties) = preSolution
		HideSolutionNode = FALSE
	EndGlobalSection
	GlobalSection(ExtensibilityGlobals) = postSolution
		SolutionGuid = {74DF23DC-3A55-4C18-9500-2696DA2A362D}
	EndGlobalSection
EndGlobal
